// !$*UTF8*$!
{
	archiveVersion = 1;
	classes = {
	};
	objectVersion = 50;
	objects = {

/* Begin PBXBuildFile section */
		9BAD0E7A210A1244003A4A61 /* Intern.swift in Sources */ = {isa = PBXBuildFile; fileRef = 9BAD0E79210A1244003A4A61 /* Intern.swift */; };
		9BAD0E7C210A192E003A4A61 /* Fulltime.swift in Sources */ = {isa = PBXBuildFile; fileRef = 9BAD0E7B210A192E003A4A61 /* Fulltime.swift */; };
		9BAD0E7F210A2079003A4A61 /* PartTime.swift in Sources */ = {isa = PBXBuildFile; fileRef = 9BAD0E7E210A2079003A4A61 /* PartTime.swift */; };
		9BAD0E81210A269F003A4A61 /* CommisionBasedPartTime.swift in Sources */ = {isa = PBXBuildFile; fileRef = 9BAD0E80210A269F003A4A61 /* CommisionBasedPartTime.swift */; };
		9BAD0E83210A26C4003A4A61 /* FixedBasePartTme.swift in Sources */ = {isa = PBXBuildFile; fileRef = 9BAD0E82210A26C4003A4A61 /* FixedBasePartTme.swift */; };
		9BC391842109F809006F3E82 /* main.swift in Sources */ = {isa = PBXBuildFile; fileRef = 9BC391832109F809006F3E82 /* main.swift */; };
		9BC3918B2109F8C5006F3E82 /* Vehicle.swift in Sources */ = {isa = PBXBuildFile; fileRef = 9BC3918A2109F8C5006F3E82 /* Vehicle.swift */; };
		9BC3918F2109FAD8006F3E82 /* IPrintable.swift in Sources */ = {isa = PBXBuildFile; fileRef = 9BC3918E2109FAD8006F3E82 /* IPrintable.swift */; };
		9BC391912109FDB5006F3E82 /* MotorCycle.swift in Sources */ = {isa = PBXBuildFile; fileRef = 9BC391902109FDB5006F3E82 /* MotorCycle.swift */; };
		9BC391932109FF8C006F3E82 /* Car.swift in Sources */ = {isa = PBXBuildFile; fileRef = 9BC391922109FF8C006F3E82 /* Car.swift */; };
		9BC39196210A0367006F3E82 /* Employee.swift in Sources */ = {isa = PBXBuildFile; fileRef = 9BC39195210A0367006F3E82 /* Employee.swift */; };
/* End PBXBuildFile section */

/* Begin PBXCopyFilesBuildPhase section */
		9BC3917E2109F809006F3E82 /* CopyFiles */ = {
			isa = PBXCopyFilesBuildPhase;
			buildActionMask = 2147483647;
			dstPath = /usr/share/man/man1/;
			dstSubfolderSpec = 0;
			files = (
			);
			runOnlyForDeploymentPostprocessing = 1;
		};
/* End PBXCopyFilesBuildPhase section */

/* Begin PBXFileReference section */
		9BAD0E79210A1244003A4A61 /* Intern.swift */ = {isa = PBXFileReference; lastKnownFileType = sourcecode.swift; path = Intern.swift; sourceTree = "<group>"; };
		9BAD0E7B210A192E003A4A61 /* Fulltime.swift */ = {isa = PBXFileReference; lastKnownFileType = sourcecode.swift; path = Fulltime.swift; sourceTree = "<group>"; };
		9BAD0E7E210A2079003A4A61 /* PartTime.swift */ = {isa = PBXFileReference; lastKnownFileType = sourcecode.swift; path = PartTime.swift; sourceTree = "<group>"; };
		9BAD0E80210A269F003A4A61 /* CommisionBasedPartTime.swift */ = {isa = PBXFileReference; lastKnownFileType = sourcecode.swift; path = CommisionBasedPartTime.swift; sourceTree = "<group>"; };
		9BAD0E82210A26C4003A4A61 /* FixedBasePartTme.swift */ = {isa = PBXFileReference; lastKnownFileType = sourcecode.swift; path = FixedBasePartTme.swift; sourceTree = "<group>"; };
		9BC391802109F809006F3E82 /* PayRollSystem */ = {isa = PBXFileReference; explicitFileType = "compiled.mach-o.executable"; includeInIndex = 0; path = PayRollSystem; sourceTree = BUILT_PRODUCTS_DIR; };
		9BC391832109F809006F3E82 /* main.swift */ = {isa = PBXFileReference; lastKnownFileType = sourcecode.swift; path = main.swift; sourceTree = "<group>"; };
		9BC3918A2109F8C5006F3E82 /* Vehicle.swift */ = {isa = PBXFileReference; lastKnownFileType = sourcecode.swift; path = Vehicle.swift; sourceTree = "<group>"; };
		9BC3918E2109FAD8006F3E82 /* IPrintable.swift */ = {isa = PBXFileReference; lastKnownFileType = sourcecode.swift; path = IPrintable.swift; sourceTree = "<group>"; };
		9BC391902109FDB5006F3E82 /* MotorCycle.swift */ = {isa = PBXFileReference; lastKnownFileType = sourcecode.swift; path = MotorCycle.swift; sourceTree = "<group>"; };
		9BC391922109FF8C006F3E82 /* Car.swift */ = {isa = PBXFileReference; lastKnownFileType = sourcecode.swift; path = Car.swift; sourceTree = "<group>"; };
		9BC39195210A0367006F3E82 /* Employee.swift */ = {isa = PBXFileReference; lastKnownFileType = sourcecode.swift; path = Employee.swift; sourceTree = "<group>"; };
/* End PBXFileReference section */

/* Begin PBXFrameworksBuildPhase section */
		9BC3917D2109F809006F3E82 /* Frameworks */ = {
			isa = PBXFrameworksBuildPhase;
			buildActionMask = 2147483647;
			files = (
			);
			runOnlyForDeploymentPostprocessing = 0;
		};
/* End PBXFrameworksBuildPhase section */

/* Begin PBXGroup section */
		9BAD0E7D210A201D003A4A61 /* Employee */ = {
			isa = PBXGroup;
			children = (
				9BC39195210A0367006F3E82 /* Employee.swift */,
				9BAD0E79210A1244003A4A61 /* Intern.swift */,
				9BAD0E7B210A192E003A4A61 /* Fulltime.swift */,
				9BAD0E7E210A2079003A4A61 /* PartTime.swift */,
				9BAD0E80210A269F003A4A61 /* CommisionBasedPartTime.swift */,
				9BAD0E82210A26C4003A4A61 /* FixedBasePartTme.swift */,
			);
			path = Employee;
			sourceTree = "<group>";
		};
		9BC391772109F809006F3E82 = {
			isa = PBXGroup;
			children = (
				9BC391822109F809006F3E82 /* PayRollSystem */,
				9BC391812109F809006F3E82 /* Products */,
			);
			sourceTree = "<group>";
		};
		9BC391812109F809006F3E82 /* Products */ = {
			isa = PBXGroup;
			children = (
				9BC391802109F809006F3E82 /* PayRollSystem */,
			);
			name = Products;
			sourceTree = "<group>";
		};
		9BC391822109F809006F3E82 /* PayRollSystem */ = {
			isa = PBXGroup;
			children = (
				9BAD0E7D210A201D003A4A61 /* Employee */,
				9BC39194210A02CF006F3E82 /* Vehicle */,
				9BC391832109F809006F3E82 /* main.swift */,
				9BC3918E2109FAD8006F3E82 /* IPrintable.swift */,
			);
			path = PayRollSystem;
			sourceTree = "<group>";
		};
		9BC39194210A02CF006F3E82 /* Vehicle */ = {
			isa = PBXGroup;
			children = (
				9BC391922109FF8C006F3E82 /* Car.swift */,
				9BC391902109FDB5006F3E82 /* MotorCycle.swift */,
				9BC3918A2109F8C5006F3E82 /* Vehicle.swift */,
			);
			path = Vehicle;
			sourceTree = "<group>";
		};
/* End PBXGroup section */

/* Begin PBXNativeTarget section */
		9BC3917F2109F809006F3E82 /* PayRollSystem */ = {
			isa = PBXNativeTarget;
			buildConfigurationList = 9BC391872109F809006F3E82 /* Build configuration list for PBXNativeTarget "PayRollSystem" */;
			buildPhases = (
				9BC3917C2109F809006F3E82 /* Sources */,
				9BC3917D2109F809006F3E82 /* Frameworks */,
				9BC3917E2109F809006F3E82 /* CopyFiles */,
			);
			buildRules = (
			);
			dependencies = (
			);
			name = PayRollSystem;
			productName = PayRollSystem;
			productReference = 9BC391802109F809006F3E82 /* PayRollSystem */;
			productType = "com.apple.product-type.tool";
		};
/* End PBXNativeTarget section */

/* Begin PBXProject section */
		9BC391782109F809006F3E82 /* Project object */ = {
			isa = PBXProject;
			attributes = {
				LastSwiftUpdateCheck = 0930;
				LastUpgradeCheck = 0930;
				ORGANIZATIONNAME = MacStudent;
				TargetAttributes = {
					9BC3917F2109F809006F3E82 = {
						CreatedOnToolsVersion = 9.3;
					};
				};
			};
			buildConfigurationList = 9BC3917B2109F809006F3E82 /* Build configuration list for PBXProject "PayRollSystem" */;
			compatibilityVersion = "Xcode 9.3";
			developmentRegion = en;
			hasScannedForEncodings = 0;
			knownRegions = (
				en,
			);
			mainGroup = 9BC391772109F809006F3E82;
			productRefGroup = 9BC391812109F809006F3E82 /* Products */;
			projectDirPath = "";
			projectRoot = "";
			targets = (
				9BC3917F2109F809006F3E82 /* PayRollSystem */,
			);
		};
/* End PBXProject section */

/* Begin PBXSourcesBuildPhase section */
		9BC3917C2109F809006F3E82 /* Sources */ = {
			isa = PBXSourcesBuildPhase;
			buildActionMask = 2147483647;
			files = (
				9BAD0E81210A269F003A4A61 /* CommisionBasedPartTime.swift in Sources */,
				9BC3918B2109F8C5006F3E82 /* Vehicle.swift in Sources */,
				9BAD0E7A210A1244003A4A61 /* Intern.swift in Sources */,
				9BAD0E83210A26C4003A4A61 /* FixedBasePartTme.swift in Sources */,
				9BC39196210A0367006F3E82 /* Employee.swift in Sources */,
				9BAD0E7F210A2079003A4A61 /* PartTime.swift in Sources */,
				9BAD0E7C210A192E003A4A61 /* Fulltime.swift in Sources */,
				9BC391912109FDB5006F3E82 /* MotorCycle.swift in Sources */,
				9BC391932109FF8C006F3E82 /* Car.swift in Sources */,
				9BC3918F2109FAD8006F3E82 /* IPrintable.swift in Sources */,
				9BC391842109F809006F3E82 /* main.swift in Sources */,
			);
			runOnlyForDeploymentPostprocessing = 0;
		};
/* End PBXSourcesBuildPhase section */

/* Begin XCBuildConfiguration section */
		9BC391852109F809006F3E82 /* Debug */ = {
			isa = XCBuildConfiguration;
			buildSettings = {
				ALWAYS_SEARCH_USER_PATHS = NO;
				CLANG_ANALYZER_NONNULL = YES;
				CLANG_ANALYZER_NUMBER_OBJECT_CONVERSION = YES_AGGRESSIVE;
				CLANG_CXX_LANGUAGE_STANDARD = "gnu++14";
				CLANG_CXX_LIBRARY = "libc++";
				CLANG_ENABLE_MODULES = YES;
				CLANG_ENABLE_OBJC_ARC = YES;
				CLANG_ENABLE_OBJC_WEAK = YES;
				CLANG_WARN_BLOCK_CAPTURE_AUTORELEASING = YES;
				CLANG_WARN_BOOL_CONVERSION = YES;
				CLANG_WARN_COMMA = YES;
				CLANG_WARN_CONSTANT_CONVERSION = YES;
				CLANG_WARN_DEPRECATED_OBJC_IMPLEMENTATIONS = YES;
				CLANG_WARN_DIRECT_OBJC_ISA_USAGE = YES_ERROR;
				CLANG_WARN_DOCUMENTATION_COMMENTS = YES;
				CLANG_WARN_EMPTY_BODY = YES;
				CLANG_WARN_ENUM_CONVERSION = YES;
				CLANG_WARN_INFINITE_RECURSION = YES;
				CLANG_WARN_INT_CONVERSION = YES;
				CLANG_WARN_NON_LITERAL_NULL_CONVERSION = YES;
				CLANG_WARN_OBJC_IMPLICIT_RETAIN_SELF = YES;
				CLANG_WARN_OBJC_LITERAL_CONVERSION = YES;
				CLANG_WARN_OBJC_ROOT_CLASS = YES_ERROR;
				CLANG_WARN_RANGE_LOOP_ANALYSIS = YES;
				CLANG_WARN_STRICT_PROTOTYPES = YES;
				CLANG_WARN_SUSPICIOUS_MOVE = YES;
				CLANG_WARN_UNGUARDED_AVAILABILITY = YES_AGGRESSIVE;
				CLANG_WARN_UNREACHABLE_CODE = YES;
				CLANG_WARN__DUPLICATE_METHOD_MATCH = YES;
				CODE_SIGN_IDENTITY = "-";
				COPY_PHASE_STRIP = NO;
				DEBUG_INFORMATION_FORMAT = dwarf;
				ENABLE_STRICT_OBJC_MSGSEND = YES;
				ENABLE_TESTABILITY = YES;
				GCC_C_LANGUAGE_STANDARD = gnu11;
				GCC_DYNAMIC_NO_PIC = NO;
				GCC_NO_COMMON_BLOCKS = YES;
				GCC_OPTIMIZATION_LEVEL = 0;
				GCC_PREPROCESSOR_DEFINITIONS = (
					"DEBUG=1",
					"$(inherited)",
				);
				GCC_WARN_64_TO_32_BIT_CONVERSION = YES;
				GCC_WARN_ABOUT_RETURN_TYPE = YES_ERROR;
				GCC_WARN_UNDECLARED_SELECTOR = YES;
				GCC_WARN_UNINITIALIZED_AUTOS = YES_AGGRESSIVE;
				GCC_WARN_UNUSED_FUNCTION = YES;
				GCC_WARN_UNUSED_VARIABLE = YES;
				MACOSX_DEPLOYMENT_TARGET = 10.13;
				MTL_ENABLE_DEBUG_INFO = YES;
				ONLY_ACTIVE_ARCH = YES;
				SDKROOT = macosx;
				SWIFT_ACTIVE_COMPILATION_CONDITIONS = DEBUG;
				SWIFT_OPTIMIZATION_LEVEL = "-Onone";
			};
			name = Debug;
		};
		9BC391862109F809006F3E82 /* Release */ = {
			isa = XCBuildConfiguration;
			buildSettings = {
				ALWAYS_SEARCH_USER_PATHS = NO;
				CLANG_ANALYZER_NONNULL = YES;
				CLANG_ANALYZER_NUMBER_OBJECT_CONVERSION = YES_AGGRESSIVE;
				CLANG_CXX_LANGUAGE_STANDARD = "gnu++14";
				CLANG_CXX_LIBRARY = "libc++";
				CLANG_ENABLE_MODULES = YES;
				CLANG_ENABLE_OBJC_ARC = YES;
				CLANG_ENABLE_OBJC_WEAK = YES;
				CLANG_WARN_BLOCK_CAPTURE_AUTORELEASING = YES;
				CLANG_WARN_BOOL_CONVERSION = YES;
				CLANG_WARN_COMMA = YES;
				CLANG_WARN_CONSTANT_CONVERSION = YES;
				CLANG_WARN_DEPRECATED_OBJC_IMPLEMENTATIONS = YES;
				CLANG_WARN_DIRECT_OBJC_ISA_USAGE = YES_ERROR;
				CLANG_WARN_DOCUMENTATION_COMMENTS = YES;
				CLANG_WARN_EMPTY_BODY = YES;
				CLANG_WARN_ENUM_CONVERSION = YES;
				CLANG_WARN_INFINITE_RECURSION = YES;
				CLANG_WARN_INT_CONVERSION = YES;
				CLANG_WARN_NON_LITERAL_NULL_CONVERSION = YES;
				CLANG_WARN_OBJC_IMPLICIT_RETAIN_SELF = YES;
				CLANG_WARN_OBJC_LITERAL_CONVERSION = YES;
				CLANG_WARN_OBJC_ROOT_CLASS = YES_ERROR;
				CLANG_WARN_RANGE_LOOP_ANALYSIS = YES;
				CLANG_WARN_STRICT_PROTOTYPES = YES;
				CLANG_WARN_SUSPICIOUS_MOVE = YES;
				CLANG_WARN_UNGUARDED_AVAILABILITY = YES_AGGRESSIVE;
				CLANG_WARN_UNREACHABLE_CODE = YES;
				CLANG_WARN__DUPLICATE_METHOD_MATCH = YES;
				CODE_SIGN_IDENTITY = "-";
				COPY_PHASE_STRIP = NO;
				DEBUG_INFORMATION_FORMAT = "dwarf-with-dsym";
				ENABLE_NS_ASSERTIONS = NO;
				ENABLE_STRICT_OBJC_MSGSEND = YES;
				GCC_C_LANGUAGE_STANDARD = gnu11;
				GCC_NO_COMMON_BLOCKS = YES;
				GCC_WARN_64_TO_32_BIT_CONVERSION = YES;
				GCC_WARN_ABOUT_RETURN_TYPE = YES_ERROR;
				GCC_WARN_UNDECLARED_SELECTOR = YES;
				GCC_WARN_UNINITIALIZED_AUTOS = YES_AGGRESSIVE;
				GCC_WARN_UNUSED_FUNCTION = YES;
				GCC_WARN_UNUSED_VARIABLE = YES;
				MACOSX_DEPLOYMENT_TARGET = 10.13;
				MTL_ENABLE_DEBUG_INFO = NO;
				SDKROOT = macosx;
				SWIFT_COMPILATION_MODE = wholemodule;
				SWIFT_OPTIMIZATION_LEVEL = "-O";
			};
			name = Release;
		};
		9BC391882109F809006F3E82 /* Debug */ = {
			isa = XCBuildConfiguration;
			buildSettings = {
				CODE_SIGN_STYLE = Automatic;
				PRODUCT_NAME = "$(TARGET_NAME)";
				SWIFT_VERSION = 4.0;
			};
			name = Debug;
		};
		9BC391892109F809006F3E82 /* Release */ = {
			isa = XCBuildConfiguration;
			buildSettings = {
				CODE_SIGN_STYLE = Automatic;
				PRODUCT_NAME = "$(TARGET_NAME)";
				SWIFT_VERSION = 4.0;
			};
			name = Release;
		};
/* End XCBuildConfiguration section */

/* Begin XCConfigurationList section */
		9BC3917B2109F809006F3E82 /* Build configuration list for PBXProject "PayRollSystem" */ = {
			isa = XCConfigurationList;
			buildConfigurations = (
				9BC391852109F809006F3E82 /* Debug */,
				9BC391862109F809006F3E82 /* Release */,
			);
			defaultConfigurationIsVisible = 0;
			defaultConfigurationName = Release;
		};
		9BC391872109F809006F3E82 /* Build configuration list for PBXNativeTarget "PayRollSystem" */ = {
			isa = XCConfigurationList;
			buildConfigurations = (
				9BC391882109F809006F3E82 /* Debug */,
				9BC391892109F809006F3E82 /* Release */,
			);
			defaultConfigurationIsVisible = 0;
			defaultConfigurationName = Release;
		};
/* End XCConfigurationList section */
	};
	rootObject = 9BC391782109F809006F3E82 /* Project object */;
}
